
Microsoft Visual Studio Solution File, Format Version 12.00
# Visual Studio Version 17
VisualStudioVersion = 17.10.34607.79
MinimumVisualStudioVersion = 10.0.40219.1
Project("{FAE04EC0-301F-11D3-BF4B-00C04F79EFBC}") = "Meet", "Meet.csproj", "{B8BDE902-BE80-4340-8646-7FAA8D376E67}"
EndProject
Global
	GlobalSection(SolutionConfigurationPlatforms) = preSolution
		Debug|Any CPU = Debug|Any CPU
		Release|Any CPU = Release|Any CPU
	EndGlobalSection
	GlobalSection(ProjectConfigurationPlatforms) = postSolution
		{B8BDE902-BE80-4340-8646-7FAA8D376E67}.Debug|Any CPU.ActiveCfg = Debug|Any CPU
		{B8BDE902-BE80-4340-8646-7FAA8D376E67}.Debug|Any CPU.Build.0 = Debug|Any CPU
		{B8BDE902-BE80-4340-8646-7FAA8D376E67}.Release|Any CPU.ActiveCfg = Release|Any CPU
		{B8BDE902-BE80-4340-8646-7FAA8D376E67}.Release|Any CPU.Build.0 = Release|Any CPU
	EndGlobalSection
	GlobalSection(SolutionProperties) = preSolution
		HideSolutionNode = FALSE
	EndGlobalSection
	GlobalSection(ExtensibilityGlobals) = postSolution
		SolutionGuid = {BB9B3563-6766-413A-AD42-07ABAE731C68}
	EndGlobalSection
EndGlobal
